<Solution>
  <Folder Name="/Solution Items/">
    <File Path="docker-compose.yml" />
  </Folder>
  <Project Path="order_routing.client/order_routing.client.esproj">
    <Build />
    <Deploy />
  </Project>
  <Project Path="order_routing.Server/order_routing.Server.csproj" />
  <Project Path="order_routing.Tests/order_routing.Tests.csproj" Id="60b310f2-04f1-483c-975a-46144202ed1f" />
</Solution>
